
Microsoft Visual Studio Solution File, Format Version 12.00
# Visual Studio Version 17
VisualStudioVersion = 17.5.002.0
MinimumVisualStudioVersion = 10.0.40219.1
Project("{9A19103F-16F7-4668-BE54-9A1E7A4F7556}") = "backend", "backend\backend.csproj", "{4433E08E-37E0-417F-B36A-9C77CA3DB4C6}"
EndProject
Global
	GlobalSection(SolutionConfigurationPlatforms) = preSolution
		Debug|Any CPU = Debug|Any CPU
		Release|Any CPU = Release|Any CPU
	EndGlobalSection
	GlobalSection(ProjectConfigurationPlatforms) = postSolution
		{4433E08E-37E0-417F-B36A-9C77CA3DB4C6}.Debug|Any CPU.ActiveCfg = Debug|Any CPU
		{4433E08E-37E0-417F-B36A-9C77CA3DB4C6}.Debug|Any CPU.Build.0 = Debug|Any CPU
		{4433E08E-37E0-417F-B36A-9C77CA3DB4C6}.Release|Any CPU.ActiveCfg = Release|Any CPU
		{4433E08E-37E0-417F-B36A-9C77CA3DB4C6}.Release|Any CPU.Build.0 = Release|Any CPU
	EndGlobalSection
	GlobalSection(SolutionProperties) = preSolution
		HideSolutionNode = FALSE
	EndGlobalSection
	GlobalSection(ExtensibilityGlobals) = postSolution
		SolutionGuid = {C89FD1BC-1E8C-46AF-B6E1-C6537BD54424}
	EndGlobalSection
EndGlobal
